
Microsoft Visual Studio Solution File, Format Version 12.00
Project("{FAE04EC0-301F-11D3-BF4B-00C04F79EFBC}") = "Backend-DispenXCore.Api", "Backend-DispenXCore.Api\Backend-DispenXCore.Api.csproj", "{65A52198-B8D6-4304-8F0E-575E171E2FF6}"
EndProject
Global
	GlobalSection(SolutionConfigurationPlatforms) = preSolution
		Debug|Any CPU = Debug|Any CPU
		Release|Any CPU = Release|Any CPU
	EndGlobalSection
	GlobalSection(ProjectConfigurationPlatforms) = postSolution
		{65A52198-B8D6-4304-8F0E-575E171E2FF6}.Debug|Any CPU.ActiveCfg = Debug|Any CPU
		{65A52198-B8D6-4304-8F0E-575E171E2FF6}.Debug|Any CPU.Build.0 = Debug|Any CPU
		{65A52198-B8D6-4304-8F0E-575E171E2FF6}.Release|Any CPU.ActiveCfg = Release|Any CPU
		{65A52198-B8D6-4304-8F0E-575E171E2FF6}.Release|Any CPU.Build.0 = Release|Any CPU
	EndGlobalSection
EndGlobal
